
Microsoft Visual Studio Solution File, Format Version 12.00
# Visual Studio 15
VisualStudioVersion = 15.0.26730.15
MinimumVisualStudioVersion = 10.0.40219.1
Project("{FAE04EC0-301F-11D3-BF4B-00C04F79EFBC}") = "Equation2ndDeg", "Equation2ndDeg\Equation2ndDeg.csproj", "{939E74D3-2767-4F0D-8D2D-C81CB22CED47}"
EndProject
Global
	GlobalSection(SolutionConfigurationPlatforms) = preSolution
		Debug|Any CPU = Debug|Any CPU
		Release|Any CPU = Release|Any CPU
	EndGlobalSection
	GlobalSection(ProjectConfigurationPlatforms) = postSolution
		{939E74D3-2767-4F0D-8D2D-C81CB22CED47}.Debug|Any CPU.ActiveCfg = Debug|Any CPU
		{939E74D3-2767-4F0D-8D2D-C81CB22CED47}.Debug|Any CPU.Build.0 = Debug|Any CPU
		{939E74D3-2767-4F0D-8D2D-C81CB22CED47}.Release|Any CPU.ActiveCfg = Release|Any CPU
		{939E74D3-2767-4F0D-8D2D-C81CB22CED47}.Release|Any CPU.Build.0 = Release|Any CPU
	EndGlobalSection
	GlobalSection(SolutionProperties) = preSolution
		HideSolutionNode = FALSE
	EndGlobalSection
	GlobalSection(ExtensibilityGlobals) = postSolution
		SolutionGuid = {A530002C-2D09-41DB-888E-CC70B48ADC0B}
	EndGlobalSection
EndGlobal
