
Microsoft Visual Studio Solution File, Format Version 12.00
# Visual Studio 15
VisualStudioVersion = 15.0.26730.15
MinimumVisualStudioVersion = 10.0.40219.1
Project("{FAE04EC0-301F-11D3-BF4B-00C04F79EFBC}") = "Jeu_Mystere", "Jeu_Mystere\Jeu_Mystere.csproj", "{8FFF5E60-2B64-4970-BDF1-ED9C844E4BA4}"
EndProject
Global
	GlobalSection(SolutionConfigurationPlatforms) = preSolution
		Debug|Any CPU = Debug|Any CPU
		Release|Any CPU = Release|Any CPU
	EndGlobalSection
	GlobalSection(ProjectConfigurationPlatforms) = postSolution
		{8FFF5E60-2B64-4970-BDF1-ED9C844E4BA4}.Debug|Any CPU.ActiveCfg = Debug|Any CPU
		{8FFF5E60-2B64-4970-BDF1-ED9C844E4BA4}.Debug|Any CPU.Build.0 = Debug|Any CPU
		{8FFF5E60-2B64-4970-BDF1-ED9C844E4BA4}.Release|Any CPU.ActiveCfg = Release|Any CPU
		{8FFF5E60-2B64-4970-BDF1-ED9C844E4BA4}.Release|Any CPU.Build.0 = Release|Any CPU
	EndGlobalSection
	GlobalSection(SolutionProperties) = preSolution
		HideSolutionNode = FALSE
	EndGlobalSection
	GlobalSection(ExtensibilityGlobals) = postSolution
		SolutionGuid = {FCB90F27-FA3A-4D45-81C0-234BBC6A5942}
	EndGlobalSection
EndGlobal
